// !$*UTF8*$!
{
	archiveVersion = 1;
	classes = {
	};
	objectVersion = 56;
	objects = {

/* Begin PBXBuildFile section */
		B2F4EFD22AC84B26003CE38A /* AppDelegate.swift in Sources */ = {isa = PBXBuildFile; fileRef = B2F4EFD12AC84B26003CE38A /* AppDelegate.swift */; };
		B2F4EFD42AC84B26003CE38A /* SceneDelegate.swift in Sources */ = {isa = PBXBuildFile; fileRef = B2F4EFD32AC84B26003CE38A /* SceneDelegate.swift */; };
		B2F4EFD62AC84B26003CE38A /* ViewController.swift in Sources */ = {isa = PBXBuildFile; fileRef = B2F4EFD52AC84B26003CE38A /* ViewController.swift */; };
		B2F4EFD92AC84B26003CE38A /* Main.storyboard in Resources */ = {isa = PBXBuildFile; fileRef = B2F4EFD72AC84B26003CE38A /* Main.storyboard */; };
		B2F4EFDB2AC84B26003CE38A /* Assets.xcassets in Resources */ = {isa = PBXBuildFile; fileRef = B2F4EFDA2AC84B26003CE38A /* Assets.xcassets */; };
		B2F4EFDE2AC84B26003CE38A /* LaunchScreen.storyboard in Resources */ = {isa = PBXBuildFile; fileRef = B2F4EFDC2AC84B26003CE38A /* LaunchScreen.storyboard */; };
		B2F4EFE92AC84B27003CE38A /* QuizTests.swift in Sources */ = {isa = PBXBuildFile; fileRef = B2F4EFE82AC84B27003CE38A /* QuizTests.swift */; };
		B2F4EFF32AC84B27003CE38A /* QuizUITests.swift in Sources */ = {isa = PBXBuildFile; fileRef = B2F4EFF22AC84B27003CE38A /* QuizUITests.swift */; };
		B2F4EFF52AC84B27003CE38A /* QuizUITestsLaunchTests.swift in Sources */ = {isa = PBXBuildFile; fileRef = B2F4EFF42AC84B27003CE38A /* QuizUITestsLaunchTests.swift */; };
/* End PBXBuildFile section */

/* Begin PBXContainerItemProxy section */
		B2F4EFE52AC84B27003CE38A /* PBXContainerItemProxy */ = {
			isa = PBXContainerItemProxy;
			containerPortal = B2F4EFC62AC84B26003CE38A /* Project object */;
			proxyType = 1;
			remoteGlobalIDString = B2F4EFCD2AC84B26003CE38A;
			remoteInfo = Quiz;
		};
		B2F4EFEF2AC84B27003CE38A /* PBXContainerItemProxy */ = {
			isa = PBXContainerItemProxy;
			containerPortal = B2F4EFC62AC84B26003CE38A /* Project object */;
			proxyType = 1;
			remoteGlobalIDString = B2F4EFCD2AC84B26003CE38A;
			remoteInfo = Quiz;
		};
/* End PBXContainerItemProxy section */

/* Begin PBXFileReference section */
		B2F4EFCE2AC84B26003CE38A /* Quiz.app */ = {isa = PBXFileReference; explicitFileType = wrapper.application; includeInIndex = 0; path = Quiz.app; sourceTree = BUILT_PRODUCTS_DIR; };
		B2F4EFD12AC84B26003CE38A /* AppDelegate.swift */ = {isa = PBXFileReference; lastKnownFileType = sourcecode.swift; path = AppDelegate.swift; sourceTree = "<group>"; };
		B2F4EFD32AC84B26003CE38A /* SceneDelegate.swift */ = {isa = PBXFileReference; lastKnownFileType = sourcecode.swift; path = SceneDelegate.swift; sourceTree = "<group>"; };
		B2F4EFD52AC84B26003CE38A /* ViewController.swift */ = {isa = PBXFileReference; lastKnownFileType = sourcecode.swift; path = ViewController.swift; sourceTree = "<group>"; };
		B2F4EFD82AC84B26003CE38A /* Base */ = {isa = PBXFileReference; lastKnownFileType = file.storyboard; name = Base; path = Base.lproj/Main.storyboard; sourceTree = "<group>"; };
		B2F4EFDA2AC84B26003CE38A /* Assets.xcassets */ = {isa = PBXFileReference; lastKnownFileType = folder.assetcatalog; path = Assets.xcassets; sourceTree = "<group>"; };
		B2F4EFDD2AC84B26003CE38A /* Base */ = {isa = PBXFileReference; lastKnownFileType = file.storyboard; name = Base; path = Base.lproj/LaunchScreen.storyboard; sourceTree = "<group>"; };
		B2F4EFDF2AC84B26003CE38A /* Info.plist */ = {isa = PBXFileReference; lastKnownFileType = text.plist.xml; path = Info.plist; sourceTree = "<group>"; };
		B2F4EFE42AC84B27003CE38A /* QuizTests.xctest */ = {isa = PBXFileReference; explicitFileType = wrapper.cfbundle; includeInIndex = 0; path = QuizTests.xctest; sourceTree = BUILT_PRODUCTS_DIR; };
		B2F4EFE82AC84B27003CE38A /* QuizTests.swift */ = {isa = PBXFileReference; lastKnownFileType = sourcecode.swift; path = QuizTests.swift; sourceTree = "<group>"; };
		B2F4EFEE2AC84B27003CE38A /* QuizUITests.xctest */ = {isa = PBXFileReference; explicitFileType = wrapper.cfbundle; includeInIndex = 0; path = QuizUITests.xctest; sourceTree = BUILT_PRODUCTS_DIR; };
		B2F4EFF22AC84B27003CE38A /* QuizUITests.swift */ = {isa = PBXFileReference; lastKnownFileType = sourcecode.swift; path = QuizUITests.swift; sourceTree = "<group>"; };
		B2F4EFF42AC84B27003CE38A /* QuizUITestsLaunchTests.swift */ = {isa = PBXFileReference; lastKnownFileType = sourcecode.swift; path = QuizUITestsLaunchTests.swift; sourceTree = "<group>"; };
/* End PBXFileReference section */

/* Begin PBXFrameworksBuildPhase section */
		B2F4EFCB2AC84B26003CE38A /* Frameworks */ = {
			isa = PBXFrameworksBuildPhase;
			buildActionMask = 2147483647;
			files = (
			);
			runOnlyForDeploymentPostprocessing = 0;
		};
		B2F4EFE12AC84B27003CE38A /* Frameworks */ = {
			isa = PBXFrameworksBuildPhase;
			buildActionMask = 2147483647;
			files = (
			);
			runOnlyForDeploymentPostprocessing = 0;
		};
		B2F4EFEB2AC84B27003CE38A /* Frameworks */ = {
			isa = PBXFrameworksBuildPhase;
			buildActionMask = 2147483647;
			files = (
			);
			runOnlyForDeploymentPostprocessing = 0;
		};
/* End PBXFrameworksBuildPhase section */

/* Begin PBXGroup section */
		B2F4EFC52AC84B26003CE38A = {
			isa = PBXGroup;
			children = (
				B2F4EFD02AC84B26003CE38A /* Quiz */,
				B2F4EFE72AC84B27003CE38A /* QuizTests */,
				B2F4EFF12AC84B27003CE38A /* QuizUITests */,
				B2F4EFCF2AC84B26003CE38A /* Products */,
			);
			sourceTree = "<group>";
		};
		B2F4EFCF2AC84B26003CE38A /* Products */ = {
			isa = PBXGroup;
			children = (
				B2F4EFCE2AC84B26003CE38A /* Quiz.app */,
				B2F4EFE42AC84B27003CE38A /* QuizTests.xctest */,
				B2F4EFEE2AC84B27003CE38A /* QuizUITests.xctest */,
			);
			name = Products;
			sourceTree = "<group>";
		};
		B2F4EFD02AC84B26003CE38A /* Quiz */ = {
			isa = PBXGroup;
			children = (
				B2F4EFD12AC84B26003CE38A /* AppDelegate.swift */,
				B2F4EFD32AC84B26003CE38A /* SceneDelegate.swift */,
				B2F4EFD52AC84B26003CE38A /* ViewController.swift */,
				B2F4EFD72AC84B26003CE38A /* Main.storyboard */,
				B2F4EFDA2AC84B26003CE38A /* Assets.xcassets */,
				B2F4EFDC2AC84B26003CE38A /* LaunchScreen.storyboard */,
				B2F4EFDF2AC84B26003CE38A /* Info.plist */,
			);
			path = Quiz;
			sourceTree = "<group>";
		};
		B2F4EFE72AC84B27003CE38A /* QuizTests */ = {
			isa = PBXGroup;
			children = (
				B2F4EFE82AC84B27003CE38A /* QuizTests.swift */,
			);
			path = QuizTests;
			sourceTree = "<group>";
		};
		B2F4EFF12AC84B27003CE38A /* QuizUITests */ = {
			isa = PBXGroup;
			children = (
				B2F4EFF22AC84B27003CE38A /* QuizUITests.swift */,
				B2F4EFF42AC84B27003CE38A /* QuizUITestsLaunchTests.swift */,
			);
			path = QuizUITests;
			sourceTree = "<group>";
		};
/* End PBXGroup section */

/* Begin PBXNativeTarget section */
		B2F4EFCD2AC84B26003CE38A /* Quiz */ = {
			isa = PBXNativeTarget;
			buildConfigurationList = B2F4EFF82AC84B27003CE38A /* Build configuration list for PBXNativeTarget "Quiz" */;
			buildPhases = (
				B2F4EFCA2AC84B26003CE38A /* Sources */,
				B2F4EFCB2AC84B26003CE38A /* Frameworks */,
				B2F4EFCC2AC84B26003CE38A /* Resources */,
			);
			buildRules = (
			);
			dependencies = (
			);
			name = Quiz;
			productName = Quiz;
			productReference = B2F4EFCE2AC84B26003CE38A /* Quiz.app */;
			productType = "com.apple.product-type.application";
		};
		B2F4EFE32AC84B27003CE38A /* QuizTests */ = {
			isa = PBXNativeTarget;
			buildConfigurationList = B2F4EFFB2AC84B27003CE38A /* Build configuration list for PBXNativeTarget "QuizTests" */;
			buildPhases = (
				B2F4EFE02AC84B27003CE38A /* Sources */,
				B2F4EFE12AC84B27003CE38A /* Frameworks */,
				B2F4EFE22AC84B27003CE38A /* Resources */,
			);
			buildRules = (
			);
			dependencies = (
				B2F4EFE62AC84B27003CE38A /* PBXTargetDependency */,
			);
			name = QuizTests;
			productName = QuizTests;
			productReference = B2F4EFE42AC84B27003CE38A /* QuizTests.xctest */;
			productType = "com.apple.product-type.bundle.unit-test";
		};
		B2F4EFED2AC84B27003CE38A /* QuizUITests */ = {
			isa = PBXNativeTarget;
			buildConfigurationList = B2F4EFFE2AC84B27003CE38A /* Build configuration list for PBXNativeTarget "QuizUITests" */;
			buildPhases = (
				B2F4EFEA2AC84B27003CE38A /* Sources */,
				B2F4EFEB2AC84B27003CE38A /* Frameworks */,
				B2F4EFEC2AC84B27003CE38A /* Resources */,
			);
			buildRules = (
			);
			dependencies = (
				B2F4EFF02AC84B27003CE38A /* PBXTargetDependency */,
			);
			name = QuizUITests;
			productName = QuizUITests;
			productReference = B2F4EFEE2AC84B27003CE38A /* QuizUITests.xctest */;
			productType = "com.apple.product-type.bundle.ui-testing";
		};
/* End PBXNativeTarget section */

/* Begin PBXProject section */
		B2F4EFC62AC84B26003CE38A /* Project object */ = {
			isa = PBXProject;
			attributes = {
				BuildIndependentTargetsInParallel = 1;
				LastSwiftUpdateCheck = 1430;
				LastUpgradeCheck = 1430;
				TargetAttributes = {
					B2F4EFCD2AC84B26003CE38A = {
						CreatedOnToolsVersion = 14.3;
					};
					B2F4EFE32AC84B27003CE38A = {
						CreatedOnToolsVersion = 14.3;
						TestTargetID = B2F4EFCD2AC84B26003CE38A;
					};
					B2F4EFED2AC84B27003CE38A = {
						CreatedOnToolsVersion = 14.3;
						TestTargetID = B2F4EFCD2AC84B26003CE38A;
					};
				};
			};
			buildConfigurationList = B2F4EFC92AC84B26003CE38A /* Build configuration list for PBXProject "Quiz" */;
			compatibilityVersion = "Xcode 14.0";
			developmentRegion = en;
			hasScannedForEncodings = 0;
			knownRegions = (
				en,
				Base,
			);
			mainGroup = B2F4EFC52AC84B26003CE38A;
			productRefGroup = B2F4EFCF2AC84B26003CE38A /* Products */;
			projectDirPath = "";
			projectRoot = "";
			targets = (
				B2F4EFCD2AC84B26003CE38A /* Quiz */,
				B2F4EFE32AC84B27003CE38A /* QuizTests */,
				B2F4EFED2AC84B27003CE38A /* QuizUITests */,
			);
		};
/* End PBXProject section */

/* Begin PBXResourcesBuildPhase section */
		B2F4EFCC2AC84B26003CE38A /* Resources */ = {
			isa = PBXResourcesBuildPhase;
			buildActionMask = 2147483647;
			files = (
				B2F4EFDE2AC84B26003CE38A /* LaunchScreen.storyboard in Resources */,
				B2F4EFDB2AC84B26003CE38A /* Assets.xcassets in Resources */,
				B2F4EFD92AC84B26003CE38A /* Main.storyboard in Resources */,
			);
			runOnlyForDeploymentPostprocessing = 0;
		};
		B2F4EFE22AC84B27003CE38A /* Resources */ = {
			isa = PBXResourcesBuildPhase;
			buildActionMask = 2147483647;
			files = (
			);
			runOnlyForDeploymentPostprocessing = 0;
		};
		B2F4EFEC2AC84B27003CE38A /* Resources */ = {
			isa = PBXResourcesBuildPhase;
			buildActionMask = 2147483647;
			files = (
			);
			runOnlyForDeploymentPostprocessing = 0;
		};
/* End PBXResourcesBuildPhase section */

/* Begin PBXSourcesBuildPhase section */
		B2F4EFCA2AC84B26003CE38A /* Sources */ = {
			isa = PBXSourcesBuildPhase;
			buildActionMask = 2147483647;
			files = (
				B2F4EFD62AC84B26003CE38A /* ViewController.swift in Sources */,
				B2F4EFD22AC84B26003CE38A /* AppDelegate.swift in Sources */,
				B2F4EFD42AC84B26003CE38A /* SceneDelegate.swift in Sources */,
			);
			runOnlyForDeploymentPostprocessing = 0;
		};
		B2F4EFE02AC84B27003CE38A /* Sources */ = {
			isa = PBXSourcesBuildPhase;
			buildActionMask = 2147483647;
			files = (
				B2F4EFE92AC84B27003CE38A /* QuizTests.swift in Sources */,
			);
			runOnlyForDeploymentPostprocessing = 0;
		};
		B2F4EFEA2AC84B27003CE38A /* Sources */ = {
			isa = PBXSourcesBuildPhase;
			buildActionMask = 2147483647;
			files = (
				B2F4EFF32AC84B27003CE38A /* QuizUITests.swift in Sources */,
				B2F4EFF52AC84B27003CE38A /* QuizUITestsLaunchTests.swift in Sources */,
			);
			runOnlyForDeploymentPostprocessing = 0;
		};
/* End PBXSourcesBuildPhase section */

/* Begin PBXTargetDependency section */
		B2F4EFE62AC84B27003CE38A /* PBXTargetDependency */ = {
			isa = PBXTargetDependency;
			target = B2F4EFCD2AC84B26003CE38A /* Quiz */;
			targetProxy = B2F4EFE52AC84B27003CE38A /* PBXContainerItemProxy */;
		};
		B2F4EFF02AC84B27003CE38A /* PBXTargetDependency */ = {
			isa = PBXTargetDependency;
			target = B2F4EFCD2AC84B26003CE38A /* Quiz */;
			targetProxy = B2F4EFEF2AC84B27003CE38A /* PBXContainerItemProxy */;
		};
/* End PBXTargetDependency section */

/* Begin PBXVariantGroup section */
		B2F4EFD72AC84B26003CE38A /* Main.storyboard */ = {
			isa = PBXVariantGroup;
			children = (
				B2F4EFD82AC84B26003CE38A /* Base */,
			);
			name = Main.storyboard;
			sourceTree = "<group>";
		};
		B2F4EFDC2AC84B26003CE38A /* LaunchScreen.storyboard */ = {
			isa = PBXVariantGroup;
			children = (
				B2F4EFDD2AC84B26003CE38A /* Base */,
			);
			name = LaunchScreen.storyboard;
			sourceTree = "<group>";
		};
/* End PBXVariantGroup section */

/* Begin XCBuildConfiguration section */
		B2F4EFF62AC84B27003CE38A /* Debug */ = {
			isa = XCBuildConfiguration;
			buildSettings = {
				ALWAYS_SEARCH_USER_PATHS = NO;
				CLANG_ANALYZER_NONNULL = YES;
				CLANG_ANALYZER_NUMBER_OBJECT_CONVERSION = YES_AGGRESSIVE;
				CLANG_CXX_LANGUAGE_STANDARD = "gnu++20";
				CLANG_ENABLE_MODULES = YES;
				CLANG_ENABLE_OBJC_ARC = YES;
				CLANG_ENABLE_OBJC_WEAK = YES;
				CLANG_WARN_BLOCK_CAPTURE_AUTORELEASING = YES;
				CLANG_WARN_BOOL_CONVERSION = YES;
				CLANG_WARN_COMMA = YES;
				CLANG_WARN_CONSTANT_CONVERSION = YES;
				CLANG_WARN_DEPRECATED_OBJC_IMPLEMENTATIONS = YES;
				CLANG_WARN_DIRECT_OBJC_ISA_USAGE = YES_ERROR;
				CLANG_WARN_DOCUMENTATION_COMMENTS = YES;
				CLANG_WARN_EMPTY_BODY = YES;
				CLANG_WARN_ENUM_CONVERSION = YES;
				CLANG_WARN_INFINITE_RECURSION = YES;
				CLANG_WARN_INT_CONVERSION = YES;
				CLANG_WARN_NON_LITERAL_NULL_CONVERSION = YES;
				CLANG_WARN_OBJC_IMPLICIT_RETAIN_SELF = YES;
				CLANG_WARN_OBJC_LITERAL_CONVERSION = YES;
				CLANG_WARN_OBJC_ROOT_CLASS = YES_ERROR;
				CLANG_WARN_QUOTED_INCLUDE_IN_FRAMEWORK_HEADER = YES;
				CLANG_WARN_RANGE_LOOP_ANALYSIS = YES;
				CLANG_WARN_STRICT_PROTOTYPES = YES;
				CLANG_WARN_SUSPICIOUS_MOVE = YES;
				CLANG_WARN_UNGUARDED_AVAILABILITY = YES_AGGRESSIVE;
				CLANG_WARN_UNREACHABLE_CODE = YES;
				CLANG_WARN__DUPLICATE_METHOD_MATCH = YES;
				COPY_PHASE_STRIP = NO;
				DEBUG_INFORMATION_FORMAT = dwarf;
				ENABLE_STRICT_OBJC_MSGSEND = YES;
				ENABLE_TESTABILITY = YES;
				GCC_C_LANGUAGE_STANDARD = gnu11;
				GCC_DYNAMIC_NO_PIC = NO;
				GCC_NO_COMMON_BLOCKS = YES;
				GCC_OPTIMIZATION_LEVEL = 0;
				GCC_PREPROCESSOR_DEFINITIONS = (
					"DEBUG=1",
					"$(inherited)",
				);
				GCC_WARN_64_TO_32_BIT_CONVERSION = YES;
				GCC_WARN_ABOUT_RETURN_TYPE = YES_ERROR;
				GCC_WARN_UNDECLARED_SELECTOR = YES;
				GCC_WARN_UNINITIALIZED_AUTOS = YES_AGGRESSIVE;
				GCC_WARN_UNUSED_FUNCTION = YES;
				GCC_WARN_UNUSED_VARIABLE = YES;
				IPHONEOS_DEPLOYMENT_TARGET = 16.4;
				MTL_ENABLE_DEBUG_INFO = INCLUDE_SOURCE;
				MTL_FAST_MATH = YES;
				ONLY_ACTIVE_ARCH = YES;
				SDKROOT = iphoneos;
				SWIFT_ACTIVE_COMPILATION_CONDITIONS = DEBUG;
				SWIFT_OPTIMIZATION_LEVEL = "-Onone";
			};
			name = Debug;
		};
		B2F4EFF72AC84B27003CE38A /* Release */ = {
			isa = XCBuildConfiguration;
			buildSettings = {
				ALWAYS_SEARCH_USER_PATHS = NO;
				CLANG_ANALYZER_NONNULL = YES;
				CLANG_ANALYZER_NUMBER_OBJECT_CONVERSION = YES_AGGRESSIVE;
				CLANG_CXX_LANGUAGE_STANDARD = "gnu++20";
				CLANG_ENABLE_MODULES = YES;
				CLANG_ENABLE_OBJC_ARC = YES;
				CLANG_ENABLE_OBJC_WEAK = YES;
				CLANG_WARN_BLOCK_CAPTURE_AUTORELEASING = YES;
				CLANG_WARN_BOOL_CONVERSION = YES;
				CLANG_WARN_COMMA = YES;
				CLANG_WARN_CONSTANT_CONVERSION = YES;
				CLANG_WARN_DEPRECATED_OBJC_IMPLEMENTATIONS = YES;
				CLANG_WARN_DIRECT_OBJC_ISA_USAGE = YES_ERROR;
				CLANG_WARN_DOCUMENTATION_COMMENTS = YES;
				CLANG_WARN_EMPTY_BODY = YES;
				CLANG_WARN_ENUM_CONVERSION = YES;
				CLANG_WARN_INFINITE_RECURSION = YES;
				CLANG_WARN_INT_CONVERSION = YES;
				CLANG_WARN_NON_LITERAL_NULL_CONVERSION = YES;
				CLANG_WARN_OBJC_IMPLICIT_RETAIN_SELF = YES;
				CLANG_WARN_OBJC_LITERAL_CONVERSION = YES;
				CLANG_WARN_OBJC_ROOT_CLASS = YES_ERROR;
				CLANG_WARN_QUOTED_INCLUDE_IN_FRAMEWORK_HEADER = YES;
				CLANG_WARN_RANGE_LOOP_ANALYSIS = YES;
				CLANG_WARN_STRICT_PROTOTYPES = YES;
				CLANG_WARN_SUSPICIOUS_MOVE = YES;
				CLANG_WARN_UNGUARDED_AVAILABILITY = YES_AGGRESSIVE;
				CLANG_WARN_UNREACHABLE_CODE = YES;
				CLANG_WARN__DUPLICATE_METHOD_MATCH = YES;
				COPY_PHASE_STRIP = NO;
				DEBUG_INFORMATION_FORMAT = "dwarf-with-dsym";
				ENABLE_NS_ASSERTIONS = NO;
				ENABLE_STRICT_OBJC_MSGSEND = YES;
				GCC_C_LANGUAGE_STANDARD = gnu11;
				GCC_NO_COMMON_BLOCKS = YES;
				GCC_WARN_64_TO_32_BIT_CONVERSION = YES;
				GCC_WARN_ABOUT_RETURN_TYPE = YES_ERROR;
				GCC_WARN_UNDECLARED_SELECTOR = YES;
				GCC_WARN_UNINITIALIZED_AUTOS = YES_AGGRESSIVE;
				GCC_WARN_UNUSED_FUNCTION = YES;
				GCC_WARN_UNUSED_VARIABLE = YES;
				IPHONEOS_DEPLOYMENT_TARGET = 16.4;
				MTL_ENABLE_DEBUG_INFO = NO;
				MTL_FAST_MATH = YES;
				SDKROOT = iphoneos;
				SWIFT_COMPILATION_MODE = wholemodule;
				SWIFT_OPTIMIZATION_LEVEL = "-O";
				VALIDATE_PRODUCT = YES;
			};
			name = Release;
		};
		B2F4EFF92AC84B27003CE38A /* Debug */ = {
			isa = XCBuildConfiguration;
			buildSettings = {
				ASSETCATALOG_COMPILER_APPICON_NAME = AppIcon;
				ASSETCATALOG_COMPILER_GLOBAL_ACCENT_COLOR_NAME = AccentColor;
				CODE_SIGN_STYLE = Automatic;
				CURRENT_PROJECT_VERSION = 1;
				DEVELOPMENT_TEAM = 4SBTUQ5789;
				GENERATE_INFOPLIST_FILE = YES;
				INFOPLIST_FILE = Quiz/Info.plist;
				INFOPLIST_KEY_UIApplicationSupportsIndirectInputEvents = YES;
				INFOPLIST_KEY_UILaunchStoryboardName = LaunchScreen;
				INFOPLIST_KEY_UIMainStoryboardFile = Main;
				INFOPLIST_KEY_UISupportedInterfaceOrientations_iPad = "UIInterfaceOrientationPortrait UIInterfaceOrientationPortraitUpsideDown UIInterfaceOrientationLandscapeLeft UIInterfaceOrientationLandscapeRight";
				INFOPLIST_KEY_UISupportedInterfaceOrientations_iPhone = "UIInterfaceOrientationPortrait UIInterfaceOrientationLandscapeLeft UIInterfaceOrientationLandscapeRight";
				LD_RUNPATH_SEARCH_PATHS = (
					"$(inherited)",
					"@executable_path/Frameworks",
				);
				MARKETING_VERSION = 1.0;
				PRODUCT_BUNDLE_IDENTIFIER = com.magdapekacka.Quiz;
				PRODUCT_NAME = "$(TARGET_NAME)";
				SWIFT_EMIT_LOC_STRINGS = YES;
				SWIFT_VERSION = 5.0;
				TARGETED_DEVICE_FAMILY = "1,2";
			};
			name = Debug;
		};
		B2F4EFFA2AC84B27003CE38A /* Release */ = {
			isa = XCBuildConfiguration;
			buildSettings = {
				ASSETCATALOG_COMPILER_APPICON_NAME = AppIcon;
				ASSETCATALOG_COMPILER_GLOBAL_ACCENT_COLOR_NAME = AccentColor;
				CODE_SIGN_STYLE = Automatic;
				CURRENT_PROJECT_VERSION = 1;
				DEVELOPMENT_TEAM = 4SBTUQ5789;
				GENERATE_INFOPLIST_FILE = YES;
				INFOPLIST_FILE = Quiz/Info.plist;
				INFOPLIST_KEY_UIApplicationSupportsIndirectInputEvents = YES;
				INFOPLIST_KEY_UILaunchStoryboardName = LaunchScreen;
				INFOPLIST_KEY_UIMainStoryboardFile = Main;
				INFOPLIST_KEY_UISupportedInterfaceOrientations_iPad = "UIInterfaceOrientationPortrait UIInterfaceOrientationPortraitUpsideDown UIInterfaceOrientationLandscapeLeft UIInterfaceOrientationLandscapeRight";
				INFOPLIST_KEY_UISupportedInterfaceOrientations_iPhone = "UIInterfaceOrientationPortrait UIInterfaceOrientationLandscapeLeft UIInterfaceOrientationLandscapeRight";
				LD_RUNPATH_SEARCH_PATHS = (
					"$(inherited)",
					"@executable_path/Frameworks",
				);
				MARKETING_VERSION = 1.0;
				PRODUCT_BUNDLE_IDENTIFIER = com.magdapekacka.Quiz;
				PRODUCT_NAME = "$(TARGET_NAME)";
				SWIFT_EMIT_LOC_STRINGS = YES;
				SWIFT_VERSION = 5.0;
				TARGETED_DEVICE_FAMILY = "1,2";
			};
			name = Release;
		};
		B2F4EFFC2AC84B27003CE38A /* Debug */ = {
			isa = XCBuildConfiguration;
			buildSettings = {
				ALWAYS_EMBED_SWIFT_STANDARD_LIBRARIES = YES;
				BUNDLE_LOADER = "$(TEST_HOST)";
				CODE_SIGN_STYLE = Automatic;
				CURRENT_PROJECT_VERSION = 1;
				DEVELOPMENT_TEAM = 4SBTUQ5789;
				GENERATE_INFOPLIST_FILE = YES;
				IPHONEOS_DEPLOYMENT_TARGET = 16.4;
				MARKETING_VERSION = 1.0;
				PRODUCT_BUNDLE_IDENTIFIER = com.magdapekacka.QuizTests;
				PRODUCT_NAME = "$(TARGET_NAME)";
				SWIFT_EMIT_LOC_STRINGS = NO;
				SWIFT_VERSION = 5.0;
				TARGETED_DEVICE_FAMILY = "1,2";
				TEST_HOST = "$(BUILT_PRODUCTS_DIR)/Quiz.app/$(BUNDLE_EXECUTABLE_FOLDER_PATH)/Quiz";
			};
			name = Debug;
		};
		B2F4EFFD2AC84B27003CE38A /* Release */ = {
			isa = XCBuildConfiguration;
			buildSettings = {
				ALWAYS_EMBED_SWIFT_STANDARD_LIBRARIES = YES;
				BUNDLE_LOADER = "$(TEST_HOST)";
				CODE_SIGN_STYLE = Automatic;
				CURRENT_PROJECT_VERSION = 1;
				DEVELOPMENT_TEAM = 4SBTUQ5789;
				GENERATE_INFOPLIST_FILE = YES;
				IPHONEOS_DEPLOYMENT_TARGET = 16.4;
				MARKETING_VERSION = 1.0;
				PRODUCT_BUNDLE_IDENTIFIER = com.magdapekacka.QuizTests;
				PRODUCT_NAME = "$(TARGET_NAME)";
				SWIFT_EMIT_LOC_STRINGS = NO;
				SWIFT_VERSION = 5.0;
				TARGETED_DEVICE_FAMILY = "1,2";
				TEST_HOST = "$(BUILT_PRODUCTS_DIR)/Quiz.app/$(BUNDLE_EXECUTABLE_FOLDER_PATH)/Quiz";
			};
			name = Release;
		};
		B2F4EFFF2AC84B27003CE38A /* Debug */ = {
			isa = XCBuildConfiguration;
			buildSettings = {
				ALWAYS_EMBED_SWIFT_STANDARD_LIBRARIES = YES;
				CODE_SIGN_STYLE = Automatic;
				CURRENT_PROJECT_VERSION = 1;
				DEVELOPMENT_TEAM = 4SBTUQ5789;
				GENERATE_INFOPLIST_FILE = YES;
				MARKETING_VERSION = 1.0;
				PRODUCT_BUNDLE_IDENTIFIER = com.magdapekacka.QuizUITests;
				PRODUCT_NAME = "$(TARGET_NAME)";
				SWIFT_EMIT_LOC_STRINGS = NO;
				SWIFT_VERSION = 5.0;
				TARGETED_DEVICE_FAMILY = "1,2";
				TEST_TARGET_NAME = Quiz;
			};
			name = Debug;
		};
		B2F4F0002AC84B27003CE38A /* Release */ = {
			isa = XCBuildConfiguration;
			buildSettings = {
				ALWAYS_EMBED_SWIFT_STANDARD_LIBRARIES = YES;
				CODE_SIGN_STYLE = Automatic;
				CURRENT_PROJECT_VERSION = 1;
				DEVELOPMENT_TEAM = 4SBTUQ5789;
				GENERATE_INFOPLIST_FILE = YES;
				MARKETING_VERSION = 1.0;
				PRODUCT_BUNDLE_IDENTIFIER = com.magdapekacka.QuizUITests;
				PRODUCT_NAME = "$(TARGET_NAME)";
				SWIFT_EMIT_LOC_STRINGS = NO;
				SWIFT_VERSION = 5.0;
				TARGETED_DEVICE_FAMILY = "1,2";
				TEST_TARGET_NAME = Quiz;
			};
			name = Release;
		};
/* End XCBuildConfiguration section */

/* Begin XCConfigurationList section */
		B2F4EFC92AC84B26003CE38A /* Build configuration list for PBXProject "Quiz" */ = {
			isa = XCConfigurationList;
			buildConfigurations = (
				B2F4EFF62AC84B27003CE38A /* Debug */,
				B2F4EFF72AC84B27003CE38A /* Release */,
			);
			defaultConfigurationIsVisible = 0;
			defaultConfigurationName = Release;
		};
		B2F4EFF82AC84B27003CE38A /* Build configuration list for PBXNativeTarget "Quiz" */ = {
			isa = XCConfigurationList;
			buildConfigurations = (
				B2F4EFF92AC84B27003CE38A /* Debug */,
				B2F4EFFA2AC84B27003CE38A /* Release */,
			);
			defaultConfigurationIsVisible = 0;
			defaultConfigurationName = Release;
		};
		B2F4EFFB2AC84B27003CE38A /* Build configuration list for PBXNativeTarget "QuizTests" */ = {
			isa = XCConfigurationList;
			buildConfigurations = (
				B2F4EFFC2AC84B27003CE38A /* Debug */,
				B2F4EFFD2AC84B27003CE38A /* Release */,
			);
			defaultConfigurationIsVisible = 0;
			defaultConfigurationName = Release;
		};
		B2F4EFFE2AC84B27003CE38A /* Build configuration list for PBXNativeTarget "QuizUITests" */ = {
			isa = XCConfigurationList;
			buildConfigurations = (
				B2F4EFFF2AC84B27003CE38A /* Debug */,
				B2F4F0002AC84B27003CE38A /* Release */,
			);
			defaultConfigurationIsVisible = 0;
			defaultConfigurationName = Release;
		};
/* End XCConfigurationList section */
	};
	rootObject = B2F4EFC62AC84B26003CE38A /* Project object */;
}
